
Microsoft Visual Studio Solution File, Format Version 12.00
# Visual Studio Version 16
VisualStudioVersion = 16.0.31205.134
MinimumVisualStudioVersion = 10.0.40219.1
Project("{FAE04EC0-301F-11D3-BF4B-00C04F79EFBC}") = "Quiz1", "Quiz1\Quiz1.csproj", "{6CDC4C28-AC4D-47AF-8F38-AB4CB3A3C7D2}"
EndProject
Global
	GlobalSection(SolutionConfigurationPlatforms) = preSolution
		Debug|Any CPU = Debug|Any CPU
		Release|Any CPU = Release|Any CPU
	EndGlobalSection
	GlobalSection(ProjectConfigurationPlatforms) = postSolution
		{6CDC4C28-AC4D-47AF-8F38-AB4CB3A3C7D2}.Debug|Any CPU.ActiveCfg = Debug|Any CPU
		{6CDC4C28-AC4D-47AF-8F38-AB4CB3A3C7D2}.Debug|Any CPU.Build.0 = Debug|Any CPU
		{6CDC4C28-AC4D-47AF-8F38-AB4CB3A3C7D2}.Release|Any CPU.ActiveCfg = Release|Any CPU
		{6CDC4C28-AC4D-47AF-8F38-AB4CB3A3C7D2}.Release|Any CPU.Build.0 = Release|Any CPU
	EndGlobalSection
	GlobalSection(SolutionProperties) = preSolution
		HideSolutionNode = FALSE
	EndGlobalSection
	GlobalSection(ExtensibilityGlobals) = postSolution
		SolutionGuid = {ECBADCF8-99D5-4F76-A9D8-7BD963E17F90}
	EndGlobalSection
EndGlobal
