
Microsoft Visual Studio Solution File, Format Version 12.00
# Visual Studio Version 16
VisualStudioVersion = 16.0.31205.134
MinimumVisualStudioVersion = 10.0.40219.1
Project("{FAE04EC0-301F-11D3-BF4B-00C04F79EFBC}") = "OutputEx1", "OutputEx1\OutputEx1.csproj", "{4CCA76F0-50ED-40EB-B827-531BE76C1FF7}"
EndProject
Global
	GlobalSection(SolutionConfigurationPlatforms) = preSolution
		Debug|Any CPU = Debug|Any CPU
		Release|Any CPU = Release|Any CPU
	EndGlobalSection
	GlobalSection(ProjectConfigurationPlatforms) = postSolution
		{4CCA76F0-50ED-40EB-B827-531BE76C1FF7}.Debug|Any CPU.ActiveCfg = Debug|Any CPU
		{4CCA76F0-50ED-40EB-B827-531BE76C1FF7}.Debug|Any CPU.Build.0 = Debug|Any CPU
		{4CCA76F0-50ED-40EB-B827-531BE76C1FF7}.Release|Any CPU.ActiveCfg = Release|Any CPU
		{4CCA76F0-50ED-40EB-B827-531BE76C1FF7}.Release|Any CPU.Build.0 = Release|Any CPU
	EndGlobalSection
	GlobalSection(SolutionProperties) = preSolution
		HideSolutionNode = FALSE
	EndGlobalSection
	GlobalSection(ExtensibilityGlobals) = postSolution
		SolutionGuid = {790C2235-D513-4369-9AF2-0119E797AB86}
	EndGlobalSection
EndGlobal
