
Microsoft Visual Studio Solution File, Format Version 12.00
# Visual Studio Version 16
VisualStudioVersion = 16.0.31205.134
MinimumVisualStudioVersion = 10.0.40219.1
Project("{FAE04EC0-301F-11D3-BF4B-00C04F79EFBC}") = "AbsDemo", "AbsDemo\AbsDemo.csproj", "{5D147C34-6B1E-462E-8E27-A74F5B6902B1}"
EndProject
Global
	GlobalSection(SolutionConfigurationPlatforms) = preSolution
		Debug|Any CPU = Debug|Any CPU
		Release|Any CPU = Release|Any CPU
	EndGlobalSection
	GlobalSection(ProjectConfigurationPlatforms) = postSolution
		{5D147C34-6B1E-462E-8E27-A74F5B6902B1}.Debug|Any CPU.ActiveCfg = Debug|Any CPU
		{5D147C34-6B1E-462E-8E27-A74F5B6902B1}.Debug|Any CPU.Build.0 = Debug|Any CPU
		{5D147C34-6B1E-462E-8E27-A74F5B6902B1}.Release|Any CPU.ActiveCfg = Release|Any CPU
		{5D147C34-6B1E-462E-8E27-A74F5B6902B1}.Release|Any CPU.Build.0 = Release|Any CPU
	EndGlobalSection
	GlobalSection(SolutionProperties) = preSolution
		HideSolutionNode = FALSE
	EndGlobalSection
	GlobalSection(ExtensibilityGlobals) = postSolution
		SolutionGuid = {975F037B-BA8E-4B3B-B45A-DEB843185A82}
	EndGlobalSection
EndGlobal
