
Microsoft Visual Studio Solution File, Format Version 12.00
# Visual Studio Version 16
VisualStudioVersion = 16.0.31205.134
MinimumVisualStudioVersion = 10.0.40219.1
Project("{FAE04EC0-301F-11D3-BF4B-00C04F79EFBC}") = "LoopEx1", "LoopEx1\LoopEx1.csproj", "{A653702C-EFE7-490B-9752-022436DFFDCD}"
EndProject
Global
	GlobalSection(SolutionConfigurationPlatforms) = preSolution
		Debug|Any CPU = Debug|Any CPU
		Release|Any CPU = Release|Any CPU
	EndGlobalSection
	GlobalSection(ProjectConfigurationPlatforms) = postSolution
		{A653702C-EFE7-490B-9752-022436DFFDCD}.Debug|Any CPU.ActiveCfg = Debug|Any CPU
		{A653702C-EFE7-490B-9752-022436DFFDCD}.Debug|Any CPU.Build.0 = Debug|Any CPU
		{A653702C-EFE7-490B-9752-022436DFFDCD}.Release|Any CPU.ActiveCfg = Release|Any CPU
		{A653702C-EFE7-490B-9752-022436DFFDCD}.Release|Any CPU.Build.0 = Release|Any CPU
	EndGlobalSection
	GlobalSection(SolutionProperties) = preSolution
		HideSolutionNode = FALSE
	EndGlobalSection
	GlobalSection(ExtensibilityGlobals) = postSolution
		SolutionGuid = {85E074B6-C2A5-4DD6-A312-279F1F8DB164}
	EndGlobalSection
EndGlobal
