
Microsoft Visual Studio Solution File, Format Version 12.00
# Visual Studio Version 16
VisualStudioVersion = 16.0.31205.134
MinimumVisualStudioVersion = 10.0.40219.1
Project("{FAE04EC0-301F-11D3-BF4B-00C04F79EFBC}") = "MultiInh", "MultiInh\MultiInh.csproj", "{03B679AC-7004-4AA0-A711-D47621B99D44}"
EndProject
Global
	GlobalSection(SolutionConfigurationPlatforms) = preSolution
		Debug|Any CPU = Debug|Any CPU
		Release|Any CPU = Release|Any CPU
	EndGlobalSection
	GlobalSection(ProjectConfigurationPlatforms) = postSolution
		{03B679AC-7004-4AA0-A711-D47621B99D44}.Debug|Any CPU.ActiveCfg = Debug|Any CPU
		{03B679AC-7004-4AA0-A711-D47621B99D44}.Debug|Any CPU.Build.0 = Debug|Any CPU
		{03B679AC-7004-4AA0-A711-D47621B99D44}.Release|Any CPU.ActiveCfg = Release|Any CPU
		{03B679AC-7004-4AA0-A711-D47621B99D44}.Release|Any CPU.Build.0 = Release|Any CPU
	EndGlobalSection
	GlobalSection(SolutionProperties) = preSolution
		HideSolutionNode = FALSE
	EndGlobalSection
	GlobalSection(ExtensibilityGlobals) = postSolution
		SolutionGuid = {6B36C8AC-E5A3-4637-832E-356CCE02E161}
	EndGlobalSection
EndGlobal
