
Microsoft Visual Studio Solution File, Format Version 12.00
# Visual Studio Version 16
VisualStudioVersion = 16.0.31205.134
MinimumVisualStudioVersion = 10.0.40219.1
Project("{FAE04EC0-301F-11D3-BF4B-00C04F79EFBC}") = "ReadOnlyExample", "ReadOnlyExample\ReadOnlyExample.csproj", "{C26A8945-A7F9-448A-AA84-47EAB0DA6562}"
EndProject
Global
	GlobalSection(SolutionConfigurationPlatforms) = preSolution
		Debug|Any CPU = Debug|Any CPU
		Release|Any CPU = Release|Any CPU
	EndGlobalSection
	GlobalSection(ProjectConfigurationPlatforms) = postSolution
		{C26A8945-A7F9-448A-AA84-47EAB0DA6562}.Debug|Any CPU.ActiveCfg = Debug|Any CPU
		{C26A8945-A7F9-448A-AA84-47EAB0DA6562}.Debug|Any CPU.Build.0 = Debug|Any CPU
		{C26A8945-A7F9-448A-AA84-47EAB0DA6562}.Release|Any CPU.ActiveCfg = Release|Any CPU
		{C26A8945-A7F9-448A-AA84-47EAB0DA6562}.Release|Any CPU.Build.0 = Release|Any CPU
	EndGlobalSection
	GlobalSection(SolutionProperties) = preSolution
		HideSolutionNode = FALSE
	EndGlobalSection
	GlobalSection(ExtensibilityGlobals) = postSolution
		SolutionGuid = {D316AD8F-6DC2-42B3-9AEC-44C5CD214918}
	EndGlobalSection
EndGlobal
