
Microsoft Visual Studio Solution File, Format Version 12.00
# Visual Studio Version 16
VisualStudioVersion = 16.0.31205.134
MinimumVisualStudioVersion = 10.0.40219.1
Project("{FAE04EC0-301F-11D3-BF4B-00C04F79EFBC}") = "FactorsEx", "FactorsEx\FactorsEx.csproj", "{9C18E68C-05CA-4A88-A2C1-FC53781498B5}"
EndProject
Global
	GlobalSection(SolutionConfigurationPlatforms) = preSolution
		Debug|Any CPU = Debug|Any CPU
		Release|Any CPU = Release|Any CPU
	EndGlobalSection
	GlobalSection(ProjectConfigurationPlatforms) = postSolution
		{9C18E68C-05CA-4A88-A2C1-FC53781498B5}.Debug|Any CPU.ActiveCfg = Debug|Any CPU
		{9C18E68C-05CA-4A88-A2C1-FC53781498B5}.Debug|Any CPU.Build.0 = Debug|Any CPU
		{9C18E68C-05CA-4A88-A2C1-FC53781498B5}.Release|Any CPU.ActiveCfg = Release|Any CPU
		{9C18E68C-05CA-4A88-A2C1-FC53781498B5}.Release|Any CPU.Build.0 = Release|Any CPU
	EndGlobalSection
	GlobalSection(SolutionProperties) = preSolution
		HideSolutionNode = FALSE
	EndGlobalSection
	GlobalSection(ExtensibilityGlobals) = postSolution
		SolutionGuid = {8D450798-D224-4AB6-A649-D890F3D05E05}
	EndGlobalSection
EndGlobal
