
Microsoft Visual Studio Solution File, Format Version 12.00
# Visual Studio Version 16
VisualStudioVersion = 16.0.31205.134
MinimumVisualStudioVersion = 10.0.40219.1
Project("{FAE04EC0-301F-11D3-BF4B-00C04F79EFBC}") = "AbsCon", "AbsCon\AbsCon.csproj", "{7BE8C9D1-D0A6-49DD-B569-42B71D7B1CB5}"
EndProject
Global
	GlobalSection(SolutionConfigurationPlatforms) = preSolution
		Debug|Any CPU = Debug|Any CPU
		Release|Any CPU = Release|Any CPU
	EndGlobalSection
	GlobalSection(ProjectConfigurationPlatforms) = postSolution
		{7BE8C9D1-D0A6-49DD-B569-42B71D7B1CB5}.Debug|Any CPU.ActiveCfg = Debug|Any CPU
		{7BE8C9D1-D0A6-49DD-B569-42B71D7B1CB5}.Debug|Any CPU.Build.0 = Debug|Any CPU
		{7BE8C9D1-D0A6-49DD-B569-42B71D7B1CB5}.Release|Any CPU.ActiveCfg = Release|Any CPU
		{7BE8C9D1-D0A6-49DD-B569-42B71D7B1CB5}.Release|Any CPU.Build.0 = Release|Any CPU
	EndGlobalSection
	GlobalSection(SolutionProperties) = preSolution
		HideSolutionNode = FALSE
	EndGlobalSection
	GlobalSection(ExtensibilityGlobals) = postSolution
		SolutionGuid = {331EAF4C-D1D0-46F1-89F0-65C6C326AB90}
	EndGlobalSection
EndGlobal
