
Microsoft Visual Studio Solution File, Format Version 12.00
# Visual Studio Version 16
VisualStudioVersion = 16.0.31205.134
MinimumVisualStudioVersion = 10.0.40219.1
Project("{FAE04EC0-301F-11D3-BF4B-00C04F79EFBC}") = "ProjectLayered", "ProjectLayered\ProjectLayered.csproj", "{D03540D4-9AAE-4683-9C63-70A5E1860F11}"
EndProject
Project("{FAE04EC0-301F-11D3-BF4B-00C04F79EFBC}") = "clsEmploy", "..\clsEmploy\clsEmploy.csproj", "{CEF822DF-0784-4FBD-B122-B12BA8A92097}"
EndProject
Project("{FAE04EC0-301F-11D3-BF4B-00C04F79EFBC}") = "clsEmployDao", "clsEmployDao\clsEmployDao.csproj", "{4F5D8580-40EC-4B4A-A8A2-328E16247D66}"
EndProject
Global
	GlobalSection(SolutionConfigurationPlatforms) = preSolution
		Debug|Any CPU = Debug|Any CPU
		Release|Any CPU = Release|Any CPU
	EndGlobalSection
	GlobalSection(ProjectConfigurationPlatforms) = postSolution
		{D03540D4-9AAE-4683-9C63-70A5E1860F11}.Debug|Any CPU.ActiveCfg = Debug|Any CPU
		{D03540D4-9AAE-4683-9C63-70A5E1860F11}.Debug|Any CPU.Build.0 = Debug|Any CPU
		{D03540D4-9AAE-4683-9C63-70A5E1860F11}.Release|Any CPU.ActiveCfg = Release|Any CPU
		{D03540D4-9AAE-4683-9C63-70A5E1860F11}.Release|Any CPU.Build.0 = Release|Any CPU
		{CEF822DF-0784-4FBD-B122-B12BA8A92097}.Debug|Any CPU.ActiveCfg = Debug|Any CPU
		{CEF822DF-0784-4FBD-B122-B12BA8A92097}.Debug|Any CPU.Build.0 = Debug|Any CPU
		{CEF822DF-0784-4FBD-B122-B12BA8A92097}.Release|Any CPU.ActiveCfg = Release|Any CPU
		{CEF822DF-0784-4FBD-B122-B12BA8A92097}.Release|Any CPU.Build.0 = Release|Any CPU
		{4F5D8580-40EC-4B4A-A8A2-328E16247D66}.Debug|Any CPU.ActiveCfg = Debug|Any CPU
		{4F5D8580-40EC-4B4A-A8A2-328E16247D66}.Debug|Any CPU.Build.0 = Debug|Any CPU
		{4F5D8580-40EC-4B4A-A8A2-328E16247D66}.Release|Any CPU.ActiveCfg = Release|Any CPU
		{4F5D8580-40EC-4B4A-A8A2-328E16247D66}.Release|Any CPU.Build.0 = Release|Any CPU
	EndGlobalSection
	GlobalSection(SolutionProperties) = preSolution
		HideSolutionNode = FALSE
	EndGlobalSection
	GlobalSection(ExtensibilityGlobals) = postSolution
		SolutionGuid = {9B577C4D-0567-454D-B14F-58AC031A081B}
	EndGlobalSection
EndGlobal
